
Microsoft Visual Studio Solution File, Format Version 12.00
# Visual Studio 15
VisualStudioVersion = 15.0.27428.2043
MinimumVisualStudioVersion = 10.0.40219.1
Project("{FAE04EC0-301F-11D3-BF4B-00C04F79EFBC}") = "DoorbellPush", "DoorbellPush\DoorbellPush.csproj", "{4322DE58-79B7-45F3-8705-6CA7CF66BDF5}"
EndProject
Global
	GlobalSection(SolutionConfigurationPlatforms) = preSolution
		Debug|ARM = Debug|ARM
		Debug|x64 = Debug|x64
		Debug|x86 = Debug|x86
		Release|ARM = Release|ARM
		Release|x64 = Release|x64
		Release|x86 = Release|x86
	EndGlobalSection
	GlobalSection(ProjectConfigurationPlatforms) = postSolution
		{4322DE58-79B7-45F3-8705-6CA7CF66BDF5}.Debug|ARM.ActiveCfg = Debug|ARM
		{4322DE58-79B7-45F3-8705-6CA7CF66BDF5}.Debug|ARM.Build.0 = Debug|ARM
		{4322DE58-79B7-45F3-8705-6CA7CF66BDF5}.Debug|ARM.Deploy.0 = Debug|ARM
		{4322DE58-79B7-45F3-8705-6CA7CF66BDF5}.Debug|x64.ActiveCfg = Debug|x64
		{4322DE58-79B7-45F3-8705-6CA7CF66BDF5}.Debug|x64.Build.0 = Debug|x64
		{4322DE58-79B7-45F3-8705-6CA7CF66BDF5}.Debug|x64.Deploy.0 = Debug|x64
		{4322DE58-79B7-45F3-8705-6CA7CF66BDF5}.Debug|x86.ActiveCfg = Debug|x86
		{4322DE58-79B7-45F3-8705-6CA7CF66BDF5}.Debug|x86.Build.0 = Debug|x86
		{4322DE58-79B7-45F3-8705-6CA7CF66BDF5}.Debug|x86.Deploy.0 = Debug|x86
		{4322DE58-79B7-45F3-8705-6CA7CF66BDF5}.Release|ARM.ActiveCfg = Release|ARM
		{4322DE58-79B7-45F3-8705-6CA7CF66BDF5}.Release|ARM.Build.0 = Release|ARM
		{4322DE58-79B7-45F3-8705-6CA7CF66BDF5}.Release|ARM.Deploy.0 = Release|ARM
		{4322DE58-79B7-45F3-8705-6CA7CF66BDF5}.Release|x64.ActiveCfg = Release|x64
		{4322DE58-79B7-45F3-8705-6CA7CF66BDF5}.Release|x64.Build.0 = Release|x64
		{4322DE58-79B7-45F3-8705-6CA7CF66BDF5}.Release|x64.Deploy.0 = Release|x64
		{4322DE58-79B7-45F3-8705-6CA7CF66BDF5}.Release|x86.ActiveCfg = Release|x86
		{4322DE58-79B7-45F3-8705-6CA7CF66BDF5}.Release|x86.Build.0 = Release|x86
		{4322DE58-79B7-45F3-8705-6CA7CF66BDF5}.Release|x86.Deploy.0 = Release|x86
	EndGlobalSection
	GlobalSection(SolutionProperties) = preSolution
		HideSolutionNode = FALSE
	EndGlobalSection
	GlobalSection(ExtensibilityGlobals) = postSolution
		SolutionGuid = {95B5A139-1EEA-4DA5-887A-699542F0399C}
	EndGlobalSection
EndGlobal
